// !$*UTF8*$!
{
	archiveVersion = 1;
	classes = {
	};
	objectVersion = 46;
	objects = {

/* Begin PBXBuildFile section */
		270637C51C2B85DA00A0BA07 /* IndexViewController.m in Sources */ = {isa = PBXBuildFile; fileRef = 270637C41C2B85DA00A0BA07 /* IndexViewController.m */; };
		270637D81C2B85DB00A0BA07 /* DoAnythingYouWantTests.m in Sources */ = {isa = PBXBuildFile; fileRef = 270637D71C2B85DB00A0BA07 /* DoAnythingYouWantTests.m */; };
		270637E31C2B85DB00A0BA07 /* DoAnythingYouWantUITests.m in Sources */ = {isa = PBXBuildFile; fileRef = 270637E21C2B85DB00A0BA07 /* DoAnythingYouWantUITests.m */; };
		270637FD1C2B8FF600A0BA07 /* BaseNavigationController.m in Sources */ = {isa = PBXBuildFile; fileRef = 270637FC1C2B8FF600A0BA07 /* BaseNavigationController.m */; };
		270638001C2B906C00A0BA07 /* BaseTabBarController.m in Sources */ = {isa = PBXBuildFile; fileRef = 270637FF1C2B906C00A0BA07 /* BaseTabBarController.m */; };
		270638031C2B940600A0BA07 /* AppDelegate.m in Sources */ = {isa = PBXBuildFile; fileRef = 270638021C2B940600A0BA07 /* AppDelegate.m */; };
		2706380C1C2B941000A0BA07 /* Assets.xcassets in Resources */ = {isa = PBXBuildFile; fileRef = 270638041C2B941000A0BA07 /* Assets.xcassets */; };
		2706380D1C2B941000A0BA07 /* LaunchScreen.storyboard in Resources */ = {isa = PBXBuildFile; fileRef = 270638061C2B941000A0BA07 /* LaunchScreen.storyboard */; };
		2706380E1C2B941000A0BA07 /* Main.storyboard in Resources */ = {isa = PBXBuildFile; fileRef = 270638081C2B941000A0BA07 /* Main.storyboard */; };
		2706380F1C2B941000A0BA07 /* Info.plist in Resources */ = {isa = PBXBuildFile; fileRef = 2706380A1C2B941000A0BA07 /* Info.plist */; };
		270638101C2B941000A0BA07 /* main.m in Sources */ = {isa = PBXBuildFile; fileRef = 2706380B1C2B941000A0BA07 /* main.m */; };
/* End PBXBuildFile section */

/* Begin PBXContainerItemProxy section */
		270637D41C2B85DB00A0BA07 /* PBXContainerItemProxy */ = {
			isa = PBXContainerItemProxy;
			containerPortal = 270637B21C2B85DA00A0BA07 /* Project object */;
			proxyType = 1;
			remoteGlobalIDString = 270637B91C2B85DA00A0BA07;
			remoteInfo = DoAnythingYouWant;
		};
		270637DF1C2B85DB00A0BA07 /* PBXContainerItemProxy */ = {
			isa = PBXContainerItemProxy;
			containerPortal = 270637B21C2B85DA00A0BA07 /* Project object */;
			proxyType = 1;
			remoteGlobalIDString = 270637B91C2B85DA00A0BA07;
			remoteInfo = DoAnythingYouWant;
		};
/* End PBXContainerItemProxy section */

/* Begin PBXFileReference section */
		270637BA1C2B85DA00A0BA07 /* DoAnythingYouWant.app */ = {isa = PBXFileReference; explicitFileType = wrapper.application; includeInIndex = 0; path = DoAnythingYouWant.app; sourceTree = BUILT_PRODUCTS_DIR; };
		270637C31C2B85DA00A0BA07 /* IndexViewController.h */ = {isa = PBXFileReference; lastKnownFileType = sourcecode.c.h; name = IndexViewController.h; path = ../../IndexViewController.h; sourceTree = "<group>"; };
		270637C41C2B85DA00A0BA07 /* IndexViewController.m */ = {isa = PBXFileReference; lastKnownFileType = sourcecode.c.objc; name = IndexViewController.m; path = ../../IndexViewController.m; sourceTree = "<group>"; };
		270637D31C2B85DB00A0BA07 /* DoAnythingYouWantTests.xctest */ = {isa = PBXFileReference; explicitFileType = wrapper.cfbundle; includeInIndex = 0; path = DoAnythingYouWantTests.xctest; sourceTree = BUILT_PRODUCTS_DIR; };
		270637D71C2B85DB00A0BA07 /* DoAnythingYouWantTests.m */ = {isa = PBXFileReference; lastKnownFileType = sourcecode.c.objc; path = DoAnythingYouWantTests.m; sourceTree = "<group>"; };
		270637D91C2B85DB00A0BA07 /* Info.plist */ = {isa = PBXFileReference; lastKnownFileType = text.plist.xml; path = Info.plist; sourceTree = "<group>"; };
		270637DE1C2B85DB00A0BA07 /* DoAnythingYouWantUITests.xctest */ = {isa = PBXFileReference; explicitFileType = wrapper.cfbundle; includeInIndex = 0; path = DoAnythingYouWantUITests.xctest; sourceTree = BUILT_PRODUCTS_DIR; };
		270637E21C2B85DB00A0BA07 /* DoAnythingYouWantUITests.m */ = {isa = PBXFileReference; lastKnownFileType = sourcecode.c.objc; path = DoAnythingYouWantUITests.m; sourceTree = "<group>"; };
		270637E41C2B85DB00A0BA07 /* Info.plist */ = {isa = PBXFileReference; lastKnownFileType = text.plist.xml; path = Info.plist; sourceTree = "<group>"; };
		270637FB1C2B8FF600A0BA07 /* BaseNavigationController.h */ = {isa = PBXFileReference; fileEncoding = 4; lastKnownFileType = sourcecode.c.h; path = BaseNavigationController.h; sourceTree = "<group>"; };
		270637FC1C2B8FF600A0BA07 /* BaseNavigationController.m */ = {isa = PBXFileReference; fileEncoding = 4; lastKnownFileType = sourcecode.c.objc; path = BaseNavigationController.m; sourceTree = "<group>"; };
		270637FE1C2B906C00A0BA07 /* BaseTabBarController.h */ = {isa = PBXFileReference; fileEncoding = 4; lastKnownFileType = sourcecode.c.h; path = BaseTabBarController.h; sourceTree = "<group>"; };
		270637FF1C2B906C00A0BA07 /* BaseTabBarController.m */ = {isa = PBXFileReference; fileEncoding = 4; lastKnownFileType = sourcecode.c.objc; path = BaseTabBarController.m; sourceTree = "<group>"; };
		270638011C2B940600A0BA07 /* AppDelegate.h */ = {isa = PBXFileReference; fileEncoding = 4; lastKnownFileType = sourcecode.c.h; path = AppDelegate.h; sourceTree = "<group>"; };
		270638021C2B940600A0BA07 /* AppDelegate.m */ = {isa = PBXFileReference; fileEncoding = 4; lastKnownFileType = sourcecode.c.objc; path = AppDelegate.m; sourceTree = "<group>"; };
		270638041C2B941000A0BA07 /* Assets.xcassets */ = {isa = PBXFileReference; lastKnownFileType = folder.assetcatalog; name = Assets.xcassets; path = Base/Other/Assets.xcassets; sourceTree = "<group>"; };
		270638071C2B941000A0BA07 /* Base */ = {isa = PBXFileReference; lastKnownFileType = file.storyboard; name = Base; path = LaunchScreen.storyboard; sourceTree = "<group>"; };
		270638091C2B941000A0BA07 /* Base */ = {isa = PBXFileReference; lastKnownFileType = file.storyboard; name = Base; path = Main.storyboard; sourceTree = "<group>"; };
		2706380A1C2B941000A0BA07 /* Info.plist */ = {isa = PBXFileReference; fileEncoding = 4; lastKnownFileType = text.plist.xml; name = Info.plist; path = Base/Other/Info.plist; sourceTree = "<group>"; };
		2706380B1C2B941000A0BA07 /* main.m */ = {isa = PBXFileReference; fileEncoding = 4; lastKnownFileType = sourcecode.c.objc; name = main.m; path = Base/Other/main.m; sourceTree = "<group>"; };
/* End PBXFileReference section */

/* Begin PBXFrameworksBuildPhase section */
		270637B71C2B85DA00A0BA07 /* Frameworks */ = {
			isa = PBXFrameworksBuildPhase;
			buildActionMask = 2147483647;
			files = (
			);
			runOnlyForDeploymentPostprocessing = 0;
		};
		270637D01C2B85DB00A0BA07 /* Frameworks */ = {
			isa = PBXFrameworksBuildPhase;
			buildActionMask = 2147483647;
			files = (
			);
			runOnlyForDeploymentPostprocessing = 0;
		};
		270637DB1C2B85DB00A0BA07 /* Frameworks */ = {
			isa = PBXFrameworksBuildPhase;
			buildActionMask = 2147483647;
			files = (
			);
			runOnlyForDeploymentPostprocessing = 0;
		};
/* End PBXFrameworksBuildPhase section */

/* Begin PBXGroup section */
		270637B11C2B85DA00A0BA07 = {
			isa = PBXGroup;
			children = (
				270637BC1C2B85DA00A0BA07 /* DoAnythingYouWant */,
				270637D61C2B85DB00A0BA07 /* DoAnythingYouWantTests */,
				270637E11C2B85DB00A0BA07 /* DoAnythingYouWantUITests */,
				270637BB1C2B85DA00A0BA07 /* Products */,
			);
			sourceTree = "<group>";
		};
		270637BB1C2B85DA00A0BA07 /* Products */ = {
			isa = PBXGroup;
			children = (
				270637BA1C2B85DA00A0BA07 /* DoAnythingYouWant.app */,
				270637D31C2B85DB00A0BA07 /* DoAnythingYouWantTests.xctest */,
				270637DE1C2B85DB00A0BA07 /* DoAnythingYouWantUITests.xctest */,
			);
			name = Products;
			sourceTree = "<group>";
		};
		270637BC1C2B85DA00A0BA07 /* DoAnythingYouWant */ = {
			isa = PBXGroup;
			children = (
				270637F71C2B8B0C00A0BA07 /* Main */,
				270637F11C2B88D400A0BA07 /* Life */,
				270637F01C2B88B300A0BA07 /* Base */,
			);
			path = DoAnythingYouWant;
			sourceTree = "<group>";
		};
		270637BD1C2B85DA00A0BA07 /* Supporting Files */ = {
			isa = PBXGroup;
			children = (
				270638041C2B941000A0BA07 /* Assets.xcassets */,
				270638051C2B941000A0BA07 /* Base.lproj */,
				2706380A1C2B941000A0BA07 /* Info.plist */,
				2706380B1C2B941000A0BA07 /* main.m */,
			);
			name = "Supporting Files";
			path = ../..;
			sourceTree = "<group>";
		};
		270637D61C2B85DB00A0BA07 /* DoAnythingYouWantTests */ = {
			isa = PBXGroup;
			children = (
				270637D71C2B85DB00A0BA07 /* DoAnythingYouWantTests.m */,
				270637D91C2B85DB00A0BA07 /* Info.plist */,
			);
			path = DoAnythingYouWantTests;
			sourceTree = "<group>";
		};
		270637E11C2B85DB00A0BA07 /* DoAnythingYouWantUITests */ = {
			isa = PBXGroup;
			children = (
				270637E21C2B85DB00A0BA07 /* DoAnythingYouWantUITests.m */,
				270637E41C2B85DB00A0BA07 /* Info.plist */,
			);
			path = DoAnythingYouWantUITests;
			sourceTree = "<group>";
		};
		270637F01C2B88B300A0BA07 /* Base */ = {
			isa = PBXGroup;
			children = (
				270637F31C2B892200A0BA07 /* Lib */,
				270637F21C2B88E100A0BA07 /* Other */,
			);
			path = Base;
			sourceTree = "<group>";
		};
		270637F11C2B88D400A0BA07 /* Life */ = {
			isa = PBXGroup;
			children = (
			);
			name = Life;
			sourceTree = "<group>";
		};
		270637F21C2B88E100A0BA07 /* Other */ = {
			isa = PBXGroup;
			children = (
				270638011C2B940600A0BA07 /* AppDelegate.h */,
				270638021C2B940600A0BA07 /* AppDelegate.m */,
				270637BD1C2B85DA00A0BA07 /* Supporting Files */,
			);
			path = Other;
			sourceTree = "<group>";
		};
		270637F31C2B892200A0BA07 /* Lib */ = {
			isa = PBXGroup;
			children = (
				270637F61C2B89C500A0BA07 /* DealImages */,
				270637F51C2B897300A0BA07 /* SpecialEffects */,
				270637F41C2B895800A0BA07 /* Http */,
			);
			path = Lib;
			sourceTree = "<group>";
		};
		270637F41C2B895800A0BA07 /* Http */ = {
			isa = PBXGroup;
			children = (
			);
			path = Http;
			sourceTree = "<group>";
		};
		270637F51C2B897300A0BA07 /* SpecialEffects */ = {
			isa = PBXGroup;
			children = (
			);
			path = SpecialEffects;
			sourceTree = "<group>";
		};
		270637F61C2B89C500A0BA07 /* DealImages */ = {
			isa = PBXGroup;
			children = (
			);
			path = DealImages;
			sourceTree = "<group>";
		};
		270637F71C2B8B0C00A0BA07 /* Main */ = {
			isa = PBXGroup;
			children = (
				270637FA1C2B8B6500A0BA07 /* Models */,
				270637F91C2B8B5200A0BA07 /* Views */,
				270637F81C2B8B2B00A0BA07 /* Controllers */,
			);
			path = Main;
			sourceTree = "<group>";
		};
		270637F81C2B8B2B00A0BA07 /* Controllers */ = {
			isa = PBXGroup;
			children = (
				270637C31C2B85DA00A0BA07 /* IndexViewController.h */,
				270637C41C2B85DA00A0BA07 /* IndexViewController.m */,
				270637FB1C2B8FF600A0BA07 /* BaseNavigationController.h */,
				270637FC1C2B8FF600A0BA07 /* BaseNavigationController.m */,
				270637FE1C2B906C00A0BA07 /* BaseTabBarController.h */,
				270637FF1C2B906C00A0BA07 /* BaseTabBarController.m */,
			);
			path = Controllers;
			sourceTree = "<group>";
		};
		270637F91C2B8B5200A0BA07 /* Views */ = {
			isa = PBXGroup;
			children = (
			);
			path = Views;
			sourceTree = "<group>";
		};
		270637FA1C2B8B6500A0BA07 /* Models */ = {
			isa = PBXGroup;
			children = (
			);
			path = Models;
			sourceTree = "<group>";
		};
		270638051C2B941000A0BA07 /* Base.lproj */ = {
			isa = PBXGroup;
			children = (
				270638061C2B941000A0BA07 /* LaunchScreen.storyboard */,
				270638081C2B941000A0BA07 /* Main.storyboard */,
			);
			name = Base.lproj;
			path = Base/Other/Base.lproj;
			sourceTree = "<group>";
		};
/* End PBXGroup section */

/* Begin PBXNativeTarget section */
		270637B91C2B85DA00A0BA07 /* DoAnythingYouWant */ = {
			isa = PBXNativeTarget;
			buildConfigurationList = 270637E71C2B85DB00A0BA07 /* Build configuration list for PBXNativeTarget "DoAnythingYouWant" */;
			buildPhases = (
				270637B61C2B85DA00A0BA07 /* Sources */,
				270637B71C2B85DA00A0BA07 /* Frameworks */,
				270637B81C2B85DA00A0BA07 /* Resources */,
			);
			buildRules = (
			);
			dependencies = (
			);
			name = DoAnythingYouWant;
			productName = DoAnythingYouWant;
			productReference = 270637BA1C2B85DA00A0BA07 /* DoAnythingYouWant.app */;
			productType = "com.apple.product-type.application";
		};
		270637D21C2B85DB00A0BA07 /* DoAnythingYouWantTests */ = {
			isa = PBXNativeTarget;
			buildConfigurationList = 270637EA1C2B85DB00A0BA07 /* Build configuration list for PBXNativeTarget "DoAnythingYouWantTests" */;
			buildPhases = (
				270637CF1C2B85DB00A0BA07 /* Sources */,
				270637D01C2B85DB00A0BA07 /* Frameworks */,
				270637D11C2B85DB00A0BA07 /* Resources */,
			);
			buildRules = (
			);
			dependencies = (
				270637D51C2B85DB00A0BA07 /* PBXTargetDependency */,
			);
			name = DoAnythingYouWantTests;
			productName = DoAnythingYouWantTests;
			productReference = 270637D31C2B85DB00A0BA07 /* DoAnythingYouWantTests.xctest */;
			productType = "com.apple.product-type.bundle.unit-test";
		};
		270637DD1C2B85DB00A0BA07 /* DoAnythingYouWantUITests */ = {
			isa = PBXNativeTarget;
			buildConfigurationList = 270637ED1C2B85DB00A0BA07 /* Build configuration list for PBXNativeTarget "DoAnythingYouWantUITests" */;
			buildPhases = (
				270637DA1C2B85DB00A0BA07 /* Sources */,
				270637DB1C2B85DB00A0BA07 /* Frameworks */,
				270637DC1C2B85DB00A0BA07 /* Resources */,
			);
			buildRules = (
			);
			dependencies = (
				270637E01C2B85DB00A0BA07 /* PBXTargetDependency */,
			);
			name = DoAnythingYouWantUITests;
			productName = DoAnythingYouWantUITests;
			productReference = 270637DE1C2B85DB00A0BA07 /* DoAnythingYouWantUITests.xctest */;
			productType = "com.apple.product-type.bundle.ui-testing";
		};
/* End PBXNativeTarget section */

/* Begin PBXProject section */
		270637B21C2B85DA00A0BA07 /* Project object */ = {
			isa = PBXProject;
			attributes = {
				LastUpgradeCheck = 0720;
				ORGANIZATIONNAME = barry;
				TargetAttributes = {
					270637B91C2B85DA00A0BA07 = {
						CreatedOnToolsVersion = 7.2;
					};
					270637D21C2B85DB00A0BA07 = {
						CreatedOnToolsVersion = 7.2;
						TestTargetID = 270637B91C2B85DA00A0BA07;
					};
					270637DD1C2B85DB00A0BA07 = {
						CreatedOnToolsVersion = 7.2;
						TestTargetID = 270637B91C2B85DA00A0BA07;
					};
				};
			};
			buildConfigurationList = 270637B51C2B85DA00A0BA07 /* Build configuration list for PBXProject "DoAnythingYouWant" */;
			compatibilityVersion = "Xcode 3.2";
			developmentRegion = English;
			hasScannedForEncodings = 0;
			knownRegions = (
				en,
				Base,
			);
			mainGroup = 270637B11C2B85DA00A0BA07;
			productRefGroup = 270637BB1C2B85DA00A0BA07 /* Products */;
			projectDirPath = "";
			projectRoot = "";
			targets = (
				270637B91C2B85DA00A0BA07 /* DoAnythingYouWant */,
				270637D21C2B85DB00A0BA07 /* DoAnythingYouWantTests */,
				270637DD1C2B85DB00A0BA07 /* DoAnythingYouWantUITests */,
			);
		};
/* End PBXProject section */

/* Begin PBXResourcesBuildPhase section */
		270637B81C2B85DA00A0BA07 /* Resources */ = {
			isa = PBXResourcesBuildPhase;
			buildActionMask = 2147483647;
			files = (
				2706380F1C2B941000A0BA07 /* Info.plist in Resources */,
				2706380E1C2B941000A0BA07 /* Main.storyboard in Resources */,
				2706380C1C2B941000A0BA07 /* Assets.xcassets in Resources */,
				2706380D1C2B941000A0BA07 /* LaunchScreen.storyboard in Resources */,
			);
			runOnlyForDeploymentPostprocessing = 0;
		};
		270637D11C2B85DB00A0BA07 /* Resources */ = {
			isa = PBXResourcesBuildPhase;
			buildActionMask = 2147483647;
			files = (
			);
			runOnlyForDeploymentPostprocessing = 0;
		};
		270637DC1C2B85DB00A0BA07 /* Resources */ = {
			isa = PBXResourcesBuildPhase;
			buildActionMask = 2147483647;
			files = (
			);
			runOnlyForDeploymentPostprocessing = 0;
		};
/* End PBXResourcesBuildPhase section */

/* Begin PBXSourcesBuildPhase section */
		270637B61C2B85DA00A0BA07 /* Sources */ = {
			isa = PBXSourcesBuildPhase;
			buildActionMask = 2147483647;
			files = (
				270638101C2B941000A0BA07 /* main.m in Sources */,
				270638031C2B940600A0BA07 /* AppDelegate.m in Sources */,
				270638001C2B906C00A0BA07 /* BaseTabBarController.m in Sources */,
				270637FD1C2B8FF600A0BA07 /* BaseNavigationController.m in Sources */,
				270637C51C2B85DA00A0BA07 /* IndexViewController.m in Sources */,
			);
			runOnlyForDeploymentPostprocessing = 0;
		};
		270637CF1C2B85DB00A0BA07 /* Sources */ = {
			isa = PBXSourcesBuildPhase;
			buildActionMask = 2147483647;
			files = (
				270637D81C2B85DB00A0BA07 /* DoAnythingYouWantTests.m in Sources */,
			);
			runOnlyForDeploymentPostprocessing = 0;
		};
		270637DA1C2B85DB00A0BA07 /* Sources */ = {
			isa = PBXSourcesBuildPhase;
			buildActionMask = 2147483647;
			files = (
				270637E31C2B85DB00A0BA07 /* DoAnythingYouWantUITests.m in Sources */,
			);
			runOnlyForDeploymentPostprocessing = 0;
		};
/* End PBXSourcesBuildPhase section */

/* Begin PBXTargetDependency section */
		270637D51C2B85DB00A0BA07 /* PBXTargetDependency */ = {
			isa = PBXTargetDependency;
			target = 270637B91C2B85DA00A0BA07 /* DoAnythingYouWant */;
			targetProxy = 270637D41C2B85DB00A0BA07 /* PBXContainerItemProxy */;
		};
		270637E01C2B85DB00A0BA07 /* PBXTargetDependency */ = {
			isa = PBXTargetDependency;
			target = 270637B91C2B85DA00A0BA07 /* DoAnythingYouWant */;
			targetProxy = 270637DF1C2B85DB00A0BA07 /* PBXContainerItemProxy */;
		};
/* End PBXTargetDependency section */

/* Begin PBXVariantGroup section */
		270638061C2B941000A0BA07 /* LaunchScreen.storyboard */ = {
			isa = PBXVariantGroup;
			children = (
				270638071C2B941000A0BA07 /* Base */,
			);
			name = LaunchScreen.storyboard;
			sourceTree = "<group>";
		};
		270638081C2B941000A0BA07 /* Main.storyboard */ = {
			isa = PBXVariantGroup;
			children = (
				270638091C2B941000A0BA07 /* Base */,
			);
			name = Main.storyboard;
			sourceTree = "<group>";
		};
/* End PBXVariantGroup section */

/* Begin XCBuildConfiguration section */
		270637E51C2B85DB00A0BA07 /* Debug */ = {
			isa = XCBuildConfiguration;
			buildSettings = {
				ALWAYS_SEARCH_USER_PATHS = NO;
				CLANG_CXX_LANGUAGE_STANDARD = "gnu++0x";
				CLANG_CXX_LIBRARY = "libc++";
				CLANG_ENABLE_MODULES = YES;
				CLANG_ENABLE_OBJC_ARC = YES;
				CLANG_WARN_BOOL_CONVERSION = YES;
				CLANG_WARN_CONSTANT_CONVERSION = YES;
				CLANG_WARN_DIRECT_OBJC_ISA_USAGE = YES_ERROR;
				CLANG_WARN_EMPTY_BODY = YES;
				CLANG_WARN_ENUM_CONVERSION = YES;
				CLANG_WARN_INT_CONVERSION = YES;
				CLANG_WARN_OBJC_ROOT_CLASS = YES_ERROR;
				CLANG_WARN_UNREACHABLE_CODE = YES;
				CLANG_WARN__DUPLICATE_METHOD_MATCH = YES;
				"CODE_SIGN_IDENTITY[sdk=iphoneos*]" = "iPhone Developer";
				COPY_PHASE_STRIP = NO;
				DEBUG_INFORMATION_FORMAT = dwarf;
				ENABLE_STRICT_OBJC_MSGSEND = YES;
				ENABLE_TESTABILITY = YES;
				GCC_C_LANGUAGE_STANDARD = gnu99;
				GCC_DYNAMIC_NO_PIC = NO;
				GCC_NO_COMMON_BLOCKS = YES;
				GCC_OPTIMIZATION_LEVEL = 0;
				GCC_PREPROCESSOR_DEFINITIONS = (
					"DEBUG=1",
					"$(inherited)",
				);
				GCC_WARN_64_TO_32_BIT_CONVERSION = YES;
				GCC_WARN_ABOUT_RETURN_TYPE = YES_ERROR;
				GCC_WARN_UNDECLARED_SELECTOR = YES;
				GCC_WARN_UNINITIALIZED_AUTOS = YES_AGGRESSIVE;
				GCC_WARN_UNUSED_FUNCTION = YES;
				GCC_WARN_UNUSED_VARIABLE = YES;
				IPHONEOS_DEPLOYMENT_TARGET = 9.2;
				MTL_ENABLE_DEBUG_INFO = YES;
				ONLY_ACTIVE_ARCH = YES;
				SDKROOT = iphoneos;
				TARGETED_DEVICE_FAMILY = "1,2";
			};
			name = Debug;
		};
		270637E61C2B85DB00A0BA07 /* Release */ = {
			isa = XCBuildConfiguration;
			buildSettings = {
				ALWAYS_SEARCH_USER_PATHS = NO;
				CLANG_CXX_LANGUAGE_STANDARD = "gnu++0x";
				CLANG_CXX_LIBRARY = "libc++";
				CLANG_ENABLE_MODULES = YES;
				CLANG_ENABLE_OBJC_ARC = YES;
				CLANG_WARN_BOOL_CONVERSION = YES;
				CLANG_WARN_CONSTANT_CONVERSION = YES;
				CLANG_WARN_DIRECT_OBJC_ISA_USAGE = YES_ERROR;
				CLANG_WARN_EMPTY_BODY = YES;
				CLANG_WARN_ENUM_CONVERSION = YES;
				CLANG_WARN_INT_CONVERSION = YES;
				CLANG_WARN_OBJC_ROOT_CLASS = YES_ERROR;
				CLANG_WARN_UNREACHABLE_CODE = YES;
				CLANG_WARN__DUPLICATE_METHOD_MATCH = YES;
				"CODE_SIGN_IDENTITY[sdk=iphoneos*]" = "iPhone Developer";
				COPY_PHASE_STRIP = NO;
				DEBUG_INFORMATION_FORMAT = "dwarf-with-dsym";
				ENABLE_NS_ASSERTIONS = NO;
				ENABLE_STRICT_OBJC_MSGSEND = YES;
				GCC_C_LANGUAGE_STANDARD = gnu99;
				GCC_NO_COMMON_BLOCKS = YES;
				GCC_WARN_64_TO_32_BIT_CONVERSION = YES;
				GCC_WARN_ABOUT_RETURN_TYPE = YES_ERROR;
				GCC_WARN_UNDECLARED_SELECTOR = YES;
				GCC_WARN_UNINITIALIZED_AUTOS = YES_AGGRESSIVE;
				GCC_WARN_UNUSED_FUNCTION = YES;
				GCC_WARN_UNUSED_VARIABLE = YES;
				IPHONEOS_DEPLOYMENT_TARGET = 9.2;
				MTL_ENABLE_DEBUG_INFO = NO;
				SDKROOT = iphoneos;
				TARGETED_DEVICE_FAMILY = "1,2";
				VALIDATE_PRODUCT = YES;
			};
			name = Release;
		};
		270637E81C2B85DB00A0BA07 /* Debug */ = {
			isa = XCBuildConfiguration;
			buildSettings = {
				ASSETCATALOG_COMPILER_APPICON_NAME = AppIcon;
				INFOPLIST_FILE = DoAnythingYouWant/Info.plist;
				LD_RUNPATH_SEARCH_PATHS = "$(inherited) @executable_path/Frameworks";
				PRODUCT_BUNDLE_IDENTIFIER = cn.com.barry.DoAnythingYouWant;
				PRODUCT_NAME = "$(TARGET_NAME)";
			};
			name = Debug;
		};
		270637E91C2B85DB00A0BA07 /* Release */ = {
			isa = XCBuildConfiguration;
			buildSettings = {
				ASSETCATALOG_COMPILER_APPICON_NAME = AppIcon;
				INFOPLIST_FILE = DoAnythingYouWant/Info.plist;
				LD_RUNPATH_SEARCH_PATHS = "$(inherited) @executable_path/Frameworks";
				PRODUCT_BUNDLE_IDENTIFIER = cn.com.barry.DoAnythingYouWant;
				PRODUCT_NAME = "$(TARGET_NAME)";
			};
			name = Release;
		};
		270637EB1C2B85DB00A0BA07 /* Debug */ = {
			isa = XCBuildConfiguration;
			buildSettings = {
				BUNDLE_LOADER = "$(TEST_HOST)";
				INFOPLIST_FILE = DoAnythingYouWantTests/Info.plist;
				LD_RUNPATH_SEARCH_PATHS = "$(inherited) @executable_path/Frameworks @loader_path/Frameworks";
				PRODUCT_BUNDLE_IDENTIFIER = cn.com.barry.DoAnythingYouWantTests;
				PRODUCT_NAME = "$(TARGET_NAME)";
				TEST_HOST = "$(BUILT_PRODUCTS_DIR)/DoAnythingYouWant.app/DoAnythingYouWant";
			};
			name = Debug;
		};
		270637EC1C2B85DB00A0BA07 /* Release */ = {
			isa = XCBuildConfiguration;
			buildSettings = {
				BUNDLE_LOADER = "$(TEST_HOST)";
				INFOPLIST_FILE = DoAnythingYouWantTests/Info.plist;
				LD_RUNPATH_SEARCH_PATHS = "$(inherited) @executable_path/Frameworks @loader_path/Frameworks";
				PRODUCT_BUNDLE_IDENTIFIER = cn.com.barry.DoAnythingYouWantTests;
				PRODUCT_NAME = "$(TARGET_NAME)";
				TEST_HOST = "$(BUILT_PRODUCTS_DIR)/DoAnythingYouWant.app/DoAnythingYouWant";
			};
			name = Release;
		};
		270637EE1C2B85DB00A0BA07 /* Debug */ = {
			isa = XCBuildConfiguration;
			buildSettings = {
				INFOPLIST_FILE = DoAnythingYouWantUITests/Info.plist;
				LD_RUNPATH_SEARCH_PATHS = "$(inherited) @executable_path/Frameworks @loader_path/Frameworks";
				PRODUCT_BUNDLE_IDENTIFIER = cn.com.barry.DoAnythingYouWantUITests;
				PRODUCT_NAME = "$(TARGET_NAME)";
				TEST_TARGET_NAME = DoAnythingYouWant;
				USES_XCTRUNNER = YES;
			};
			name = Debug;
		};
		270637EF1C2B85DB00A0BA07 /* Release */ = {
			isa = XCBuildConfiguration;
			buildSettings = {
				INFOPLIST_FILE = DoAnythingYouWantUITests/Info.plist;
				LD_RUNPATH_SEARCH_PATHS = "$(inherited) @executable_path/Frameworks @loader_path/Frameworks";
				PRODUCT_BUNDLE_IDENTIFIER = cn.com.barry.DoAnythingYouWantUITests;
				PRODUCT_NAME = "$(TARGET_NAME)";
				TEST_TARGET_NAME = DoAnythingYouWant;
				USES_XCTRUNNER = YES;
			};
			name = Release;
		};
/* End XCBuildConfiguration section */

/* Begin XCConfigurationList section */
		270637B51C2B85DA00A0BA07 /* Build configuration list for PBXProject "DoAnythingYouWant" */ = {
			isa = XCConfigurationList;
			buildConfigurations = (
				270637E51C2B85DB00A0BA07 /* Debug */,
				270637E61C2B85DB00A0BA07 /* Release */,
			);
			defaultConfigurationIsVisible = 0;
			defaultConfigurationName = Release;
		};
		270637E71C2B85DB00A0BA07 /* Build configuration list for PBXNativeTarget "DoAnythingYouWant" */ = {
			isa = XCConfigurationList;
			buildConfigurations = (
				270637E81C2B85DB00A0BA07 /* Debug */,
				270637E91C2B85DB00A0BA07 /* Release */,
			);
			defaultConfigurationIsVisible = 0;
		};
		270637EA1C2B85DB00A0BA07 /* Build configuration list for PBXNativeTarget "DoAnythingYouWantTests" */ = {
			isa = XCConfigurationList;
			buildConfigurations = (
				270637EB1C2B85DB00A0BA07 /* Debug */,
				270637EC1C2B85DB00A0BA07 /* Release */,
			);
			defaultConfigurationIsVisible = 0;
		};
		270637ED1C2B85DB00A0BA07 /* Build configuration list for PBXNativeTarget "DoAnythingYouWantUITests" */ = {
			isa = XCConfigurationList;
			buildConfigurations = (
				270637EE1C2B85DB00A0BA07 /* Debug */,
				270637EF1C2B85DB00A0BA07 /* Release */,
			);
			defaultConfigurationIsVisible = 0;
		};
/* End XCConfigurationList section */
	};
	rootObject = 270637B21C2B85DA00A0BA07 /* Project object */;
}
